PODS:
  - DKImagePickerController/Core (4.3.3):
    - DKImagePickerController/ImageDataManager
    - DKImagePickerController/Resource
  - DKImagePickerController/ImageDataManager (4.3.3)
  - DKImagePickerController/PhotoGallery (4.3.3):
    - DKImagePickerController/Core
    - DKPhotoGallery
  - DKImagePickerController/Resource (4.3.3)
  - DKPhotoGallery (0.0.17):
    - DKPhotoGallery/Core (= 0.0.17)
    - DKPhotoGallery/Model (= 0.0.17)
    - DKPhotoGallery/Preview (= 0.0.17)
    - DKPhotoGallery/Resource (= 0.0.17)
    - SDWebImage
    - SwiftyGif
  - DKPhotoGallery/Core (0.0.17):
    - DKPhotoGallery/Model
    - DKPhotoGallery/Preview
    - SDWebImage
    - SwiftyGif
  - DKPhotoGallery/Model (0.0.17):
    - SDWebImage
    - SwiftyGif
  - DKPhotoGallery/Preview (0.0.17):
    - DKPhotoGallery/Model
    - DKPhotoGallery/Resource
    - SDWebImage
    - SwiftyGif
  - DKPhotoGallery/Resource (0.0.17):
    - SDWebImage
    - SwiftyGif
  - file_picker (0.0.1):
    - DKImagePickerController/PhotoGallery
    - Flutter
  - Flutter (1.0.0)
  - flutter_web_auth (0.4.1):
    - Flutter
  - image_picker_ios (0.0.1):
    - Flutter
  - kakao_flutter_sdk_common (1.1.0):
    - Flutter
  - package_info (0.0.1):
    - Flutter
  - package_info_plus (0.4.5):
    - Flutter
  - SDWebImage (5.12.5):
    - SDWebImage/Core (= 5.12.5)
  - SDWebImage/Core (5.12.5)
  - shared_preferences_ios (0.0.1):
    - Flutter
  - SwiftyGif (5.4.3)

DEPENDENCIES:
  - file_picker (from `.symlinks/plugins/file_picker/ios`)
  - Flutter (from `Flutter`)
  - flutter_web_auth (from `.symlinks/plugins/flutter_web_auth/ios`)
  - image_picker_ios (from `.symlinks/plugins/image_picker_ios/ios`)
  - kakao_flutter_sdk_common (from `.symlinks/plugins/kakao_flutter_sdk_common/ios`)
  - package_info (from `.symlinks/plugins/package_info/ios`)
  - package_info_plus (from `.symlinks/plugins/package_info_plus/ios`)
  - shared_preferences_ios (from `.symlinks/plugins/shared_preferences_ios/ios`)

SPEC REPOS:
  trunk:
    - DKImagePickerController
    - DKPhotoGallery
    - SDWebImage
    - SwiftyGif

EXTERNAL SOURCES:
  file_picker:
    :path: ".symlinks/plugins/file_picker/ios"
  Flutter:
    :path: Flutter
  flutter_web_auth:
    :path: ".symlinks/plugins/flutter_web_auth/ios"
  image_picker_ios:
    :path: ".symlinks/plugins/image_picker_ios/ios"
  kakao_flutter_sdk_common:
    :path: ".symlinks/plugins/kakao_flutter_sdk_common/ios"
  package_info:
    :path: ".symlinks/plugins/package_info/ios"
  package_info_plus:
    :path: ".symlinks/plugins/package_info_plus/ios"
  shared_preferences_ios:
    :path: ".symlinks/plugins/shared_preferences_ios/ios"

SPEC CHECKSUMS:
  DKImagePickerController: 72fd378f244cef3d27288e0aebf217a4467e4012
  DKPhotoGallery: fdfad5125a9fdda9cc57df834d49df790dbb4179
  file_picker: 3e6c3790de664ccf9b882732d9db5eaf6b8d4eb1
  Flutter: 50d75fe2f02b26cc09d224853bb45737f8b3214a
  flutter_web_auth: 09a0abd245f1a07a3ff4dcf1247a048d89ee12a9
  image_picker_ios: b786a5dcf033a8336a657191401bfdf12017dabb
  kakao_flutter_sdk_common: b077b7da99ade3d0ce5990d3f35e0a1dc50a24b2
  package_info: 873975fc26034f0b863a300ad47e7f1ac6c7ec62
  package_info_plus: 6c92f08e1f853dc01228d6f553146438dafcd14e
  SDWebImage: 0905f1b7760fc8ac4198cae0036600d67478751e
  shared_preferences_ios: aef470a42dc4675a1cdd50e3158b42e3d1232b32
  SwiftyGif: 6c3eafd0ce693cad58bb63d2b2fb9bacb8552780

PODFILE CHECKSUM: 7368163408c647b7eb699d0d788ba6718e18fb8d

COCOAPODS: 1.10.0
